
Microsoft Visual Studio Solution File, Format Version 12.00
# Visual Studio 15
VisualStudioVersion = 15.0.26124.0
MinimumVisualStudioVersion = 15.0.26124.0
Project("{2150E333-8FDC-42A3-9474-1A3956D46DE8}") = "src", "src", "{EB16AD50-34DF-40BC-BE3F-52AB24F095EF}"
EndProject
Project("{FAE04EC0-301F-11D3-BF4B-00C04F79EFBC}") = "Jhipster", "src\Jhipster\Jhipster.csproj", "{CD3454E6-EE24-4A9F-A3C9-12189614EB0F}"
EndProject
Project("{2150E333-8FDC-42A3-9474-1A3956D46DE8}") = "test", "test", "{A9F42B20-E5CC-4C6F-9089-149CF65E7A2A}"
EndProject
Project("{FAE04EC0-301F-11D3-BF4B-00C04F79EFBC}") = "Jhipster.Test", "test\Jhipster.Test\Jhipster.Test.csproj", "{C61CE674-0F2B-489B-967D-9628746F43A7}"
EndProject
Project("{FAE04EC0-301F-11D3-BF4B-00C04F79EFBC}") = "Jhipster.Crosscutting", "src\Jhipster.Crosscutting\Jhipster.Crosscutting.csproj", "{8A6D22CC-E380-4D2C-BCF9-B909852760A2}"
EndProject
Project("{FAE04EC0-301F-11D3-BF4B-00C04F79EFBC}") = "Jhipster.Domain", "src\Jhipster.Domain\Jhipster.Domain.csproj", "{8D0DCD25-F3A2-4729-9578-6B988E19B2DE}"
EndProject
Project("{FAE04EC0-301F-11D3-BF4B-00C04F79EFBC}") = "Jhipster.Dto", "src\Jhipster.Dto\Jhipster.Dto.csproj", "{C3ABC099-A167-43F0-AC44-99DD7E0DB973}"
EndProject
Project("{FAE04EC0-301F-11D3-BF4B-00C04F79EFBC}") = "Jhipster.Domain.Services", "src\Jhipster.Domain.Services\Jhipster.Domain.Services.csproj", "{D931FE08-EF34-4E05-A18A-53C8E047BFDA}"
EndProject
Project("{FAE04EC0-301F-11D3-BF4B-00C04F79EFBC}") = "Jhipster.Infrastructure", "src\Jhipster.Infrastructure\Jhipster.Infrastructure.csproj", "{D4438314-3C15-4785-A5AC-E86B59BBEB4D}"
EndProject
Global
	GlobalSection(SolutionConfigurationPlatforms) = preSolution
		Debug|Any CPU = Debug|Any CPU
		Debug|x64 = Debug|x64
		Debug|x86 = Debug|x86
		Release|Any CPU = Release|Any CPU
		Release|x64 = Release|x64
		Release|x86 = Release|x86
	EndGlobalSection
	GlobalSection(SolutionProperties) = preSolution
		HideSolutionNode = FALSE
	EndGlobalSection
	GlobalSection(ProjectConfigurationPlatforms) = postSolution
		{CD3454E6-EE24-4A9F-A3C9-12189614EB0F}.Debug|Any CPU.ActiveCfg = Debug|Any CPU
		{CD3454E6-EE24-4A9F-A3C9-12189614EB0F}.Debug|Any CPU.Build.0 = Debug|Any CPU
		{CD3454E6-EE24-4A9F-A3C9-12189614EB0F}.Debug|x64.ActiveCfg = Debug|Any CPU
		{CD3454E6-EE24-4A9F-A3C9-12189614EB0F}.Debug|x64.Build.0 = Debug|Any CPU
		{CD3454E6-EE24-4A9F-A3C9-12189614EB0F}.Debug|x86.ActiveCfg = Debug|Any CPU
		{CD3454E6-EE24-4A9F-A3C9-12189614EB0F}.Debug|x86.Build.0 = Debug|Any CPU
		{CD3454E6-EE24-4A9F-A3C9-12189614EB0F}.Release|Any CPU.ActiveCfg = Release|Any CPU
		{CD3454E6-EE24-4A9F-A3C9-12189614EB0F}.Release|Any CPU.Build.0 = Release|Any CPU
		{CD3454E6-EE24-4A9F-A3C9-12189614EB0F}.Release|x64.ActiveCfg = Release|Any CPU
		{CD3454E6-EE24-4A9F-A3C9-12189614EB0F}.Release|x64.Build.0 = Release|Any CPU
		{CD3454E6-EE24-4A9F-A3C9-12189614EB0F}.Release|x86.ActiveCfg = Release|Any CPU
		{CD3454E6-EE24-4A9F-A3C9-12189614EB0F}.Release|x86.Build.0 = Release|Any CPU
		{C61CE674-0F2B-489B-967D-9628746F43A7}.Debug|Any CPU.ActiveCfg = Debug|Any CPU
		{C61CE674-0F2B-489B-967D-9628746F43A7}.Debug|Any CPU.Build.0 = Debug|Any CPU
		{C61CE674-0F2B-489B-967D-9628746F43A7}.Debug|x64.ActiveCfg = Debug|Any CPU
		{C61CE674-0F2B-489B-967D-9628746F43A7}.Debug|x64.Build.0 = Debug|Any CPU
		{C61CE674-0F2B-489B-967D-9628746F43A7}.Debug|x86.ActiveCfg = Debug|Any CPU
		{C61CE674-0F2B-489B-967D-9628746F43A7}.Debug|x86.Build.0 = Debug|Any CPU
		{C61CE674-0F2B-489B-967D-9628746F43A7}.Release|Any CPU.ActiveCfg = Release|Any CPU
		{C61CE674-0F2B-489B-967D-9628746F43A7}.Release|Any CPU.Build.0 = Release|Any CPU
		{C61CE674-0F2B-489B-967D-9628746F43A7}.Release|x64.ActiveCfg = Release|Any CPU
		{C61CE674-0F2B-489B-967D-9628746F43A7}.Release|x64.Build.0 = Release|Any CPU
		{C61CE674-0F2B-489B-967D-9628746F43A7}.Release|x86.ActiveCfg = Release|Any CPU
		{C61CE674-0F2B-489B-967D-9628746F43A7}.Release|x86.Build.0 = Release|Any CPU
		{8A6D22CC-E380-4D2C-BCF9-B909852760A2}.Debug|Any CPU.ActiveCfg = Debug|Any CPU
		{8A6D22CC-E380-4D2C-BCF9-B909852760A2}.Debug|Any CPU.Build.0 = Debug|Any CPU
		{8A6D22CC-E380-4D2C-BCF9-B909852760A2}.Debug|x64.ActiveCfg = Debug|Any CPU
		{8A6D22CC-E380-4D2C-BCF9-B909852760A2}.Debug|x64.Build.0 = Debug|Any CPU
		{8A6D22CC-E380-4D2C-BCF9-B909852760A2}.Debug|x86.ActiveCfg = Debug|Any CPU
		{8A6D22CC-E380-4D2C-BCF9-B909852760A2}.Debug|x86.Build.0 = Debug|Any CPU
		{8A6D22CC-E380-4D2C-BCF9-B909852760A2}.Release|Any CPU.ActiveCfg = Release|Any CPU
		{8A6D22CC-E380-4D2C-BCF9-B909852760A2}.Release|Any CPU.Build.0 = Release|Any CPU
		{8A6D22CC-E380-4D2C-BCF9-B909852760A2}.Release|x64.ActiveCfg = Release|Any CPU
		{8A6D22CC-E380-4D2C-BCF9-B909852760A2}.Release|x64.Build.0 = Release|Any CPU
		{8A6D22CC-E380-4D2C-BCF9-B909852760A2}.Release|x86.ActiveCfg = Release|Any CPU
		{8A6D22CC-E380-4D2C-BCF9-B909852760A2}.Release|x86.Build.0 = Release|Any CPU
		{8D0DCD25-F3A2-4729-9578-6B988E19B2DE}.Debug|Any CPU.ActiveCfg = Debug|Any CPU
		{8D0DCD25-F3A2-4729-9578-6B988E19B2DE}.Debug|Any CPU.Build.0 = Debug|Any CPU
		{8D0DCD25-F3A2-4729-9578-6B988E19B2DE}.Debug|x64.ActiveCfg = Debug|Any CPU
		{8D0DCD25-F3A2-4729-9578-6B988E19B2DE}.Debug|x64.Build.0 = Debug|Any CPU
		{8D0DCD25-F3A2-4729-9578-6B988E19B2DE}.Debug|x86.ActiveCfg = Debug|Any CPU
		{8D0DCD25-F3A2-4729-9578-6B988E19B2DE}.Debug|x86.Build.0 = Debug|Any CPU
		{8D0DCD25-F3A2-4729-9578-6B988E19B2DE}.Release|Any CPU.ActiveCfg = Release|Any CPU
		{8D0DCD25-F3A2-4729-9578-6B988E19B2DE}.Release|Any CPU.Build.0 = Release|Any CPU
		{8D0DCD25-F3A2-4729-9578-6B988E19B2DE}.Release|x64.ActiveCfg = Release|Any CPU
		{8D0DCD25-F3A2-4729-9578-6B988E19B2DE}.Release|x64.Build.0 = Release|Any CPU
		{8D0DCD25-F3A2-4729-9578-6B988E19B2DE}.Release|x86.ActiveCfg = Release|Any CPU
		{8D0DCD25-F3A2-4729-9578-6B988E19B2DE}.Release|x86.Build.0 = Release|Any CPU
		{C3ABC099-A167-43F0-AC44-99DD7E0DB973}.Debug|Any CPU.ActiveCfg = Debug|Any CPU
		{C3ABC099-A167-43F0-AC44-99DD7E0DB973}.Debug|Any CPU.Build.0 = Debug|Any CPU
		{C3ABC099-A167-43F0-AC44-99DD7E0DB973}.Debug|x64.ActiveCfg = Debug|Any CPU
		{C3ABC099-A167-43F0-AC44-99DD7E0DB973}.Debug|x64.Build.0 = Debug|Any CPU
		{C3ABC099-A167-43F0-AC44-99DD7E0DB973}.Debug|x86.ActiveCfg = Debug|Any CPU
		{C3ABC099-A167-43F0-AC44-99DD7E0DB973}.Debug|x86.Build.0 = Debug|Any CPU
		{C3ABC099-A167-43F0-AC44-99DD7E0DB973}.Release|Any CPU.ActiveCfg = Release|Any CPU
		{C3ABC099-A167-43F0-AC44-99DD7E0DB973}.Release|Any CPU.Build.0 = Release|Any CPU
		{C3ABC099-A167-43F0-AC44-99DD7E0DB973}.Release|x64.ActiveCfg = Release|Any CPU
		{C3ABC099-A167-43F0-AC44-99DD7E0DB973}.Release|x64.Build.0 = Release|Any CPU
		{C3ABC099-A167-43F0-AC44-99DD7E0DB973}.Release|x86.ActiveCfg = Release|Any CPU
		{C3ABC099-A167-43F0-AC44-99DD7E0DB973}.Release|x86.Build.0 = Release|Any CPU
		{D931FE08-EF34-4E05-A18A-53C8E047BFDA}.Debug|Any CPU.ActiveCfg = Debug|Any CPU
		{D931FE08-EF34-4E05-A18A-53C8E047BFDA}.Debug|Any CPU.Build.0 = Debug|Any CPU
		{D931FE08-EF34-4E05-A18A-53C8E047BFDA}.Debug|x64.ActiveCfg = Debug|Any CPU
		{D931FE08-EF34-4E05-A18A-53C8E047BFDA}.Debug|x64.Build.0 = Debug|Any CPU
		{D931FE08-EF34-4E05-A18A-53C8E047BFDA}.Debug|x86.ActiveCfg = Debug|Any CPU
		{D931FE08-EF34-4E05-A18A-53C8E047BFDA}.Debug|x86.Build.0 = Debug|Any CPU
		{D931FE08-EF34-4E05-A18A-53C8E047BFDA}.Release|Any CPU.ActiveCfg = Release|Any CPU
		{D931FE08-EF34-4E05-A18A-53C8E047BFDA}.Release|Any CPU.Build.0 = Release|Any CPU
		{D931FE08-EF34-4E05-A18A-53C8E047BFDA}.Release|x64.ActiveCfg = Release|Any CPU
		{D931FE08-EF34-4E05-A18A-53C8E047BFDA}.Release|x64.Build.0 = Release|Any CPU
		{D931FE08-EF34-4E05-A18A-53C8E047BFDA}.Release|x86.ActiveCfg = Release|Any CPU
		{D931FE08-EF34-4E05-A18A-53C8E047BFDA}.Release|x86.Build.0 = Release|Any CPU
		{D4438314-3C15-4785-A5AC-E86B59BBEB4D}.Debug|Any CPU.ActiveCfg = Debug|Any CPU
		{D4438314-3C15-4785-A5AC-E86B59BBEB4D}.Debug|Any CPU.Build.0 = Debug|Any CPU
		{D4438314-3C15-4785-A5AC-E86B59BBEB4D}.Debug|x64.ActiveCfg = Debug|Any CPU
		{D4438314-3C15-4785-A5AC-E86B59BBEB4D}.Debug|x64.Build.0 = Debug|Any CPU
		{D4438314-3C15-4785-A5AC-E86B59BBEB4D}.Debug|x86.ActiveCfg = Debug|Any CPU
		{D4438314-3C15-4785-A5AC-E86B59BBEB4D}.Debug|x86.Build.0 = Debug|Any CPU
		{D4438314-3C15-4785-A5AC-E86B59BBEB4D}.Release|Any CPU.ActiveCfg = Release|Any CPU
		{D4438314-3C15-4785-A5AC-E86B59BBEB4D}.Release|Any CPU.Build.0 = Release|Any CPU
		{D4438314-3C15-4785-A5AC-E86B59BBEB4D}.Release|x64.ActiveCfg = Release|Any CPU
		{D4438314-3C15-4785-A5AC-E86B59BBEB4D}.Release|x64.Build.0 = Release|Any CPU
		{D4438314-3C15-4785-A5AC-E86B59BBEB4D}.Release|x86.ActiveCfg = Release|Any CPU
		{D4438314-3C15-4785-A5AC-E86B59BBEB4D}.Release|x86.Build.0 = Release|Any CPU
	EndGlobalSection
	GlobalSection(NestedProjects) = preSolution
		{CD3454E6-EE24-4A9F-A3C9-12189614EB0F} = {EB16AD50-34DF-40BC-BE3F-52AB24F095EF}
		{C61CE674-0F2B-489B-967D-9628746F43A7} = {A9F42B20-E5CC-4C6F-9089-149CF65E7A2A}
		{8A6D22CC-E380-4D2C-BCF9-B909852760A2} = {EB16AD50-34DF-40BC-BE3F-52AB24F095EF}
		{8D0DCD25-F3A2-4729-9578-6B988E19B2DE} = {EB16AD50-34DF-40BC-BE3F-52AB24F095EF}
		{C3ABC099-A167-43F0-AC44-99DD7E0DB973} = {EB16AD50-34DF-40BC-BE3F-52AB24F095EF}
		{D931FE08-EF34-4E05-A18A-53C8E047BFDA} = {EB16AD50-34DF-40BC-BE3F-52AB24F095EF}
		{D4438314-3C15-4785-A5AC-E86B59BBEB4D} = {EB16AD50-34DF-40BC-BE3F-52AB24F095EF}
	EndGlobalSection
EndGlobal
